// !$*UTF8*$!
{
	archiveVersion = 1;
	classes = {
	};
	objectVersion = 46;
	objects = {

/* Begin PBXBuildFile section */
		63D215C51C0C15B200ADEBDD /* MBProgressHUD.m in Sources */ = {isa = PBXBuildFile; fileRef = 63D215C41C0C15B200ADEBDD /* MBProgressHUD.m */; };
		63D215C71C0C1A1600ADEBDD /* ContainerVC.swift in Sources */ = {isa = PBXBuildFile; fileRef = 63D215C61C0C1A1600ADEBDD /* ContainerVC.swift */; };
		63D215CB1C0C9C2800ADEBDD /* LeftMenu.swift in Sources */ = {isa = PBXBuildFile; fileRef = 63D215CA1C0C9C2800ADEBDD /* LeftMenu.swift */; };
		BA75B1091BC669A400A1F5D6 /* AppDelegate.swift in Sources */ = {isa = PBXBuildFile; fileRef = BA75B1081BC669A400A1F5D6 /* AppDelegate.swift */; };
		BA75B10B1BC669A400A1F5D6 /* ViewController.swift in Sources */ = {isa = PBXBuildFile; fileRef = BA75B10A1BC669A400A1F5D6 /* ViewController.swift */; };
		BA75B10E1BC669A400A1F5D6 /* Main.storyboard in Resources */ = {isa = PBXBuildFile; fileRef = BA75B10C1BC669A400A1F5D6 /* Main.storyboard */; };
		BA75B1101BC669A400A1F5D6 /* Assets.xcassets in Resources */ = {isa = PBXBuildFile; fileRef = BA75B10F1BC669A400A1F5D6 /* Assets.xcassets */; };
		BA75B1131BC669A400A1F5D6 /* LaunchScreen.storyboard in Resources */ = {isa = PBXBuildFile; fileRef = BA75B1111BC669A400A1F5D6 /* LaunchScreen.storyboard */; };
		BA75B11E1BC669A400A1F5D6 /* CupoponTests.swift in Sources */ = {isa = PBXBuildFile; fileRef = BA75B11D1BC669A400A1F5D6 /* CupoponTests.swift */; };
		BA75B1291BC669A400A1F5D6 /* CupoponUITests.swift in Sources */ = {isa = PBXBuildFile; fileRef = BA75B1281BC669A400A1F5D6 /* CupoponUITests.swift */; };
		BA7D3C1E1BE44DD700622F2C /* PrincipalPageViewController.swift in Sources */ = {isa = PBXBuildFile; fileRef = BA7D3C1D1BE44DD700622F2C /* PrincipalPageViewController.swift */; };
		BA833E8A1C028059000BF57B /* CuponCell.swift in Sources */ = {isa = PBXBuildFile; fileRef = BA833E891C028059000BF57B /* CuponCell.swift */; };
		BAA342041BD902FC00052EA2 /* RegistroViewController.swift in Sources */ = {isa = PBXBuildFile; fileRef = BAA342031BD902FC00052EA2 /* RegistroViewController.swift */; };
		BAC6E62F1C0B4C360054A861 /* CuponGeneradoViewController.swift in Sources */ = {isa = PBXBuildFile; fileRef = BAC6E62E1C0B4C360054A861 /* CuponGeneradoViewController.swift */; };
		BAF5013B1BF864300083B091 /* Cupon.swift in Sources */ = {isa = PBXBuildFile; fileRef = BAF5013A1BF864300083B091 /* Cupon.swift */; };
		BAF5013F1BF868740083B091 /* CategoriaTableViewController.swift in Sources */ = {isa = PBXBuildFile; fileRef = BAF5013E1BF868740083B091 /* CategoriaTableViewController.swift */; };
		BAFC27461C05284600507B3D /* CuponDetalleViewController.swift in Sources */ = {isa = PBXBuildFile; fileRef = BAFC27451C05284600507B3D /* CuponDetalleViewController.swift */; };
		BAFFE7AC1C06096800773245 /* Condicion.swift in Sources */ = {isa = PBXBuildFile; fileRef = BAFFE7AB1C06096800773245 /* Condicion.swift */; };
/* End PBXBuildFile section */

/* Begin PBXContainerItemProxy section */
		BA75B11A1BC669A400A1F5D6 /* PBXContainerItemProxy */ = {
			isa = PBXContainerItemProxy;
			containerPortal = BA75B0FD1BC669A400A1F5D6 /* Project object */;
			proxyType = 1;
			remoteGlobalIDString = BA75B1041BC669A400A1F5D6;
			remoteInfo = Cupopon;
		};
		BA75B1251BC669A400A1F5D6 /* PBXContainerItemProxy */ = {
			isa = PBXContainerItemProxy;
			containerPortal = BA75B0FD1BC669A400A1F5D6 /* Project object */;
			proxyType = 1;
			remoteGlobalIDString = BA75B1041BC669A400A1F5D6;
			remoteInfo = Cupopon;
		};
/* End PBXContainerItemProxy section */

/* Begin PBXFileReference section */
		63D215C21C0C15AB00ADEBDD /* Cupopon-Bridging-Header.h */ = {isa = PBXFileReference; lastKnownFileType = sourcecode.c.h; path = "Cupopon-Bridging-Header.h"; sourceTree = "<group>"; };
		63D215C31C0C15B200ADEBDD /* MBProgressHUD.h */ = {isa = PBXFileReference; fileEncoding = 4; lastKnownFileType = sourcecode.c.h; path = MBProgressHUD.h; sourceTree = "<group>"; };
		63D215C41C0C15B200ADEBDD /* MBProgressHUD.m */ = {isa = PBXFileReference; fileEncoding = 4; lastKnownFileType = sourcecode.c.objc; path = MBProgressHUD.m; sourceTree = "<group>"; };
		63D215C61C0C1A1600ADEBDD /* ContainerVC.swift */ = {isa = PBXFileReference; fileEncoding = 4; lastKnownFileType = sourcecode.swift; path = ContainerVC.swift; sourceTree = "<group>"; };
		63D215CA1C0C9C2800ADEBDD /* LeftMenu.swift */ = {isa = PBXFileReference; fileEncoding = 4; lastKnownFileType = sourcecode.swift; path = LeftMenu.swift; sourceTree = "<group>"; };
		BA75B1051BC669A400A1F5D6 /* Cupopon.app */ = {isa = PBXFileReference; explicitFileType = wrapper.application; includeInIndex = 0; path = Cupopon.app; sourceTree = BUILT_PRODUCTS_DIR; };
		BA75B1081BC669A400A1F5D6 /* AppDelegate.swift */ = {isa = PBXFileReference; lastKnownFileType = sourcecode.swift; path = AppDelegate.swift; sourceTree = "<group>"; };
		BA75B10A1BC669A400A1F5D6 /* ViewController.swift */ = {isa = PBXFileReference; lastKnownFileType = sourcecode.swift; path = ViewController.swift; sourceTree = "<group>"; };
		BA75B10D1BC669A400A1F5D6 /* Base */ = {isa = PBXFileReference; lastKnownFileType = file.storyboard; name = Base; path = Base.lproj/Main.storyboard; sourceTree = "<group>"; };
		BA75B10F1BC669A400A1F5D6 /* Assets.xcassets */ = {isa = PBXFileReference; lastKnownFileType = folder.assetcatalog; path = Assets.xcassets; sourceTree = "<group>"; };
		BA75B1121BC669A400A1F5D6 /* Base */ = {isa = PBXFileReference; lastKnownFileType = file.storyboard; name = Base; path = Base.lproj/LaunchScreen.storyboard; sourceTree = "<group>"; };
		BA75B1141BC669A400A1F5D6 /* Info.plist */ = {isa = PBXFileReference; lastKnownFileType = text.plist.xml; path = Info.plist; sourceTree = "<group>"; };
		BA75B1191BC669A400A1F5D6 /* CupoponTests.xctest */ = {isa = PBXFileReference; explicitFileType = wrapper.cfbundle; includeInIndex = 0; path = CupoponTests.xctest; sourceTree = BUILT_PRODUCTS_DIR; };
		BA75B11D1BC669A400A1F5D6 /* CupoponTests.swift */ = {isa = PBXFileReference; lastKnownFileType = sourcecode.swift; path = CupoponTests.swift; sourceTree = "<group>"; };
		BA75B11F1BC669A400A1F5D6 /* Info.plist */ = {isa = PBXFileReference; lastKnownFileType = text.plist.xml; path = Info.plist; sourceTree = "<group>"; };
		BA75B1241BC669A400A1F5D6 /* CupoponUITests.xctest */ = {isa = PBXFileReference; explicitFileType = wrapper.cfbundle; includeInIndex = 0; path = CupoponUITests.xctest; sourceTree = BUILT_PRODUCTS_DIR; };
		BA75B1281BC669A400A1F5D6 /* CupoponUITests.swift */ = {isa = PBXFileReference; lastKnownFileType = sourcecode.swift; path = CupoponUITests.swift; sourceTree = "<group>"; };
		BA75B12A1BC669A400A1F5D6 /* Info.plist */ = {isa = PBXFileReference; lastKnownFileType = text.plist.xml; path = Info.plist; sourceTree = "<group>"; };
		BA7D3C1D1BE44DD700622F2C /* PrincipalPageViewController.swift */ = {isa = PBXFileReference; fileEncoding = 4; lastKnownFileType = sourcecode.swift; path = PrincipalPageViewController.swift; sourceTree = "<group>"; };
		BA833E891C028059000BF57B /* CuponCell.swift */ = {isa = PBXFileReference; fileEncoding = 4; lastKnownFileType = sourcecode.swift; path = CuponCell.swift; sourceTree = "<group>"; };
		BAA342031BD902FC00052EA2 /* RegistroViewController.swift */ = {isa = PBXFileReference; fileEncoding = 4; lastKnownFileType = sourcecode.swift; path = RegistroViewController.swift; sourceTree = "<group>"; };
		BAC6E62E1C0B4C360054A861 /* CuponGeneradoViewController.swift */ = {isa = PBXFileReference; fileEncoding = 4; lastKnownFileType = sourcecode.swift; path = CuponGeneradoViewController.swift; sourceTree = "<group>"; };
		BAF5013A1BF864300083B091 /* Cupon.swift */ = {isa = PBXFileReference; fileEncoding = 4; lastKnownFileType = sourcecode.swift; path = Cupon.swift; sourceTree = "<group>"; };
		BAF5013E1BF868740083B091 /* CategoriaTableViewController.swift */ = {isa = PBXFileReference; fileEncoding = 4; lastKnownFileType = sourcecode.swift; path = CategoriaTableViewController.swift; sourceTree = "<group>"; };
		BAFC27451C05284600507B3D /* CuponDetalleViewController.swift */ = {isa = PBXFileReference; fileEncoding = 4; lastKnownFileType = sourcecode.swift; path = CuponDetalleViewController.swift; sourceTree = "<group>"; };
		BAFFE7AB1C06096800773245 /* Condicion.swift */ = {isa = PBXFileReference; fileEncoding = 4; lastKnownFileType = sourcecode.swift; path = Condicion.swift; sourceTree = "<group>"; };
/* End PBXFileReference section */

/* Begin PBXFrameworksBuildPhase section */
		BA75B1021BC669A400A1F5D6 /* Frameworks */ = {
			isa = PBXFrameworksBuildPhase;
			buildActionMask = 2147483647;
			files = (
			);
			runOnlyForDeploymentPostprocessing = 0;
		};
		BA75B1161BC669A400A1F5D6 /* Frameworks */ = {
			isa = PBXFrameworksBuildPhase;
			buildActionMask = 2147483647;
			files = (
			);
			runOnlyForDeploymentPostprocessing = 0;
		};
		BA75B1211BC669A400A1F5D6 /* Frameworks */ = {
			isa = PBXFrameworksBuildPhase;
			buildActionMask = 2147483647;
			files = (
			);
			runOnlyForDeploymentPostprocessing = 0;
		};
/* End PBXFrameworksBuildPhase section */

/* Begin PBXGroup section */
		BA75B0FC1BC669A400A1F5D6 = {
			isa = PBXGroup;
			children = (
				BA75B1071BC669A400A1F5D6 /* Cupopon */,
				BA75B11C1BC669A400A1F5D6 /* CupoponTests */,
				BA75B1271BC669A400A1F5D6 /* CupoponUITests */,
				BA75B1061BC669A400A1F5D6 /* Products */,
			);
			sourceTree = "<group>";
		};
		BA75B1061BC669A400A1F5D6 /* Products */ = {
			isa = PBXGroup;
			children = (
				BA75B1051BC669A400A1F5D6 /* Cupopon.app */,
				BA75B1191BC669A400A1F5D6 /* CupoponTests.xctest */,
				BA75B1241BC669A400A1F5D6 /* CupoponUITests.xctest */,
			);
			name = Products;
			sourceTree = "<group>";
		};
		BA75B1071BC669A400A1F5D6 /* Cupopon */ = {
			isa = PBXGroup;
			children = (
				63D215C31C0C15B200ADEBDD /* MBProgressHUD.h */,
				63D215C41C0C15B200ADEBDD /* MBProgressHUD.m */,
				BA75B1081BC669A400A1F5D6 /* AppDelegate.swift */,
				BA75B10A1BC669A400A1F5D6 /* ViewController.swift */,
				BA75B10C1BC669A400A1F5D6 /* Main.storyboard */,
				BA833E891C028059000BF57B /* CuponCell.swift */,
				BA75B10F1BC669A400A1F5D6 /* Assets.xcassets */,
				BA75B1111BC669A400A1F5D6 /* LaunchScreen.storyboard */,
				BA75B1141BC669A400A1F5D6 /* Info.plist */,
				BAA342031BD902FC00052EA2 /* RegistroViewController.swift */,
				BA7D3C1D1BE44DD700622F2C /* PrincipalPageViewController.swift */,
				BAF5013A1BF864300083B091 /* Cupon.swift */,
				BAF5013E1BF868740083B091 /* CategoriaTableViewController.swift */,
				BAFFE7AB1C06096800773245 /* Condicion.swift */,
				BAFC27451C05284600507B3D /* CuponDetalleViewController.swift */,
				BAC6E62E1C0B4C360054A861 /* CuponGeneradoViewController.swift */,
				63D215C21C0C15AB00ADEBDD /* Cupopon-Bridging-Header.h */,
				63D215C61C0C1A1600ADEBDD /* ContainerVC.swift */,
				63D215CA1C0C9C2800ADEBDD /* LeftMenu.swift */,
			);
			path = Cupopon;
			sourceTree = "<group>";
		};
		BA75B11C1BC669A400A1F5D6 /* CupoponTests */ = {
			isa = PBXGroup;
			children = (
				BA75B11D1BC669A400A1F5D6 /* CupoponTests.swift */,
				BA75B11F1BC669A400A1F5D6 /* Info.plist */,
			);
			path = CupoponTests;
			sourceTree = "<group>";
		};
		BA75B1271BC669A400A1F5D6 /* CupoponUITests */ = {
			isa = PBXGroup;
			children = (
				BA75B1281BC669A400A1F5D6 /* CupoponUITests.swift */,
				BA75B12A1BC669A400A1F5D6 /* Info.plist */,
			);
			path = CupoponUITests;
			sourceTree = "<group>";
		};
/* End PBXGroup section */

/* Begin PBXNativeTarget section */
		BA75B1041BC669A400A1F5D6 /* Cupopon */ = {
			isa = PBXNativeTarget;
			buildConfigurationList = BA75B12D1BC669A400A1F5D6 /* Build configuration list for PBXNativeTarget "Cupopon" */;
			buildPhases = (
				BA75B1011BC669A400A1F5D6 /* Sources */,
				BA75B1021BC669A400A1F5D6 /* Frameworks */,
				BA75B1031BC669A400A1F5D6 /* Resources */,
			);
			buildRules = (
			);
			dependencies = (
			);
			name = Cupopon;
			productName = Cupopon;
			productReference = BA75B1051BC669A400A1F5D6 /* Cupopon.app */;
			productType = "com.apple.product-type.application";
		};
		BA75B1181BC669A400A1F5D6 /* CupoponTests */ = {
			isa = PBXNativeTarget;
			buildConfigurationList = BA75B1301BC669A400A1F5D6 /* Build configuration list for PBXNativeTarget "CupoponTests" */;
			buildPhases = (
				BA75B1151BC669A400A1F5D6 /* Sources */,
				BA75B1161BC669A400A1F5D6 /* Frameworks */,
				BA75B1171BC669A400A1F5D6 /* Resources */,
			);
			buildRules = (
			);
			dependencies = (
				BA75B11B1BC669A400A1F5D6 /* PBXTargetDependency */,
			);
			name = CupoponTests;
			productName = CupoponTests;
			productReference = BA75B1191BC669A400A1F5D6 /* CupoponTests.xctest */;
			productType = "com.apple.product-type.bundle.unit-test";
		};
		BA75B1231BC669A400A1F5D6 /* CupoponUITests */ = {
			isa = PBXNativeTarget;
			buildConfigurationList = BA75B1331BC669A400A1F5D6 /* Build configuration list for PBXNativeTarget "CupoponUITests" */;
			buildPhases = (
				BA75B1201BC669A400A1F5D6 /* Sources */,
				BA75B1211BC669A400A1F5D6 /* Frameworks */,
				BA75B1221BC669A400A1F5D6 /* Resources */,
			);
			buildRules = (
			);
			dependencies = (
				BA75B1261BC669A400A1F5D6 /* PBXTargetDependency */,
			);
			name = CupoponUITests;
			productName = CupoponUITests;
			productReference = BA75B1241BC669A400A1F5D6 /* CupoponUITests.xctest */;
			productType = "com.apple.product-type.bundle.ui-testing";
		};
/* End PBXNativeTarget section */

/* Begin PBXProject section */
		BA75B0FD1BC669A400A1F5D6 /* Project object */ = {
			isa = PBXProject;
			attributes = {
				LastSwiftUpdateCheck = 0710;
				LastUpgradeCheck = 0700;
				ORGANIZATIONNAME = iweb2015;
				TargetAttributes = {
					BA75B1041BC669A400A1F5D6 = {
						CreatedOnToolsVersion = 7.0;
					};
					BA75B1181BC669A400A1F5D6 = {
						CreatedOnToolsVersion = 7.0;
						TestTargetID = BA75B1041BC669A400A1F5D6;
					};
					BA75B1231BC669A400A1F5D6 = {
						CreatedOnToolsVersion = 7.0;
						TestTargetID = BA75B1041BC669A400A1F5D6;
					};
				};
			};
			buildConfigurationList = BA75B1001BC669A400A1F5D6 /* Build configuration list for PBXProject "Cupopon" */;
			compatibilityVersion = "Xcode 3.2";
			developmentRegion = English;
			hasScannedForEncodings = 0;
			knownRegions = (
				en,
				Base,
			);
			mainGroup = BA75B0FC1BC669A400A1F5D6;
			productRefGroup = BA75B1061BC669A400A1F5D6 /* Products */;
			projectDirPath = "";
			projectRoot = "";
			targets = (
				BA75B1041BC669A400A1F5D6 /* Cupopon */,
				BA75B1181BC669A400A1F5D6 /* CupoponTests */,
				BA75B1231BC669A400A1F5D6 /* CupoponUITests */,
			);
		};
/* End PBXProject section */

/* Begin PBXResourcesBuildPhase section */
		BA75B1031BC669A400A1F5D6 /* Resources */ = {
			isa = PBXResourcesBuildPhase;
			buildActionMask = 2147483647;
			files = (
				BA75B1131BC669A400A1F5D6 /* LaunchScreen.storyboard in Resources */,
				BA75B1101BC669A400A1F5D6 /* Assets.xcassets in Resources */,
				BA75B10E1BC669A400A1F5D6 /* Main.storyboard in Resources */,
			);
			runOnlyForDeploymentPostprocessing = 0;
		};
		BA75B1171BC669A400A1F5D6 /* Resources */ = {
			isa = PBXResourcesBuildPhase;
			buildActionMask = 2147483647;
			files = (
			);
			runOnlyForDeploymentPostprocessing = 0;
		};
		BA75B1221BC669A400A1F5D6 /* Resources */ = {
			isa = PBXResourcesBuildPhase;
			buildActionMask = 2147483647;
			files = (
			);
			runOnlyForDeploymentPostprocessing = 0;
		};
/* End PBXResourcesBuildPhase section */

/* Begin PBXSourcesBuildPhase section */
		BA75B1011BC669A400A1F5D6 /* Sources */ = {
			isa = PBXSourcesBuildPhase;
			buildActionMask = 2147483647;
			files = (
				63D215CB1C0C9C2800ADEBDD /* LeftMenu.swift in Sources */,
				63D215C71C0C1A1600ADEBDD /* ContainerVC.swift in Sources */,
				BAF5013B1BF864300083B091 /* Cupon.swift in Sources */,
				BAC6E62F1C0B4C360054A861 /* CuponGeneradoViewController.swift in Sources */,
				BAF5013F1BF868740083B091 /* CategoriaTableViewController.swift in Sources */,
				BA833E8A1C028059000BF57B /* CuponCell.swift in Sources */,
				63D215C51C0C15B200ADEBDD /* MBProgressHUD.m in Sources */,
				BA75B10B1BC669A400A1F5D6 /* ViewController.swift in Sources */,
				BAFC27461C05284600507B3D /* CuponDetalleViewController.swift in Sources */,
				BAFFE7AC1C06096800773245 /* Condicion.swift in Sources */,
				BAA342041BD902FC00052EA2 /* RegistroViewController.swift in Sources */,
				BA7D3C1E1BE44DD700622F2C /* PrincipalPageViewController.swift in Sources */,
				BA75B1091BC669A400A1F5D6 /* AppDelegate.swift in Sources */,
			);
			runOnlyForDeploymentPostprocessing = 0;
		};
		BA75B1151BC669A400A1F5D6 /* Sources */ = {
			isa = PBXSourcesBuildPhase;
			buildActionMask = 2147483647;
			files = (
				BA75B11E1BC669A400A1F5D6 /* CupoponTests.swift in Sources */,
			);
			runOnlyForDeploymentPostprocessing = 0;
		};
		BA75B1201BC669A400A1F5D6 /* Sources */ = {
			isa = PBXSourcesBuildPhase;
			buildActionMask = 2147483647;
			files = (
				BA75B1291BC669A400A1F5D6 /* CupoponUITests.swift in Sources */,
			);
			runOnlyForDeploymentPostprocessing = 0;
		};
/* End PBXSourcesBuildPhase section */

/* Begin PBXTargetDependency section */
		BA75B11B1BC669A400A1F5D6 /* PBXTargetDependency */ = {
			isa = PBXTargetDependency;
			target = BA75B1041BC669A400A1F5D6 /* Cupopon */;
			targetProxy = BA75B11A1BC669A400A1F5D6 /* PBXContainerItemProxy */;
		};
		BA75B1261BC669A400A1F5D6 /* PBXTargetDependency */ = {
			isa = PBXTargetDependency;
			target = BA75B1041BC669A400A1F5D6 /* Cupopon */;
			targetProxy = BA75B1251BC669A400A1F5D6 /* PBXContainerItemProxy */;
		};
/* End PBXTargetDependency section */

/* Begin PBXVariantGroup section */
		BA75B10C1BC669A400A1F5D6 /* Main.storyboard */ = {
			isa = PBXVariantGroup;
			children = (
				BA75B10D1BC669A400A1F5D6 /* Base */,
			);
			name = Main.storyboard;
			sourceTree = "<group>";
		};
		BA75B1111BC669A400A1F5D6 /* LaunchScreen.storyboard */ = {
			isa = PBXVariantGroup;
			children = (
				BA75B1121BC669A400A1F5D6 /* Base */,
			);
			name = LaunchScreen.storyboard;
			sourceTree = "<group>";
		};
/* End PBXVariantGroup section */

/* Begin XCBuildConfiguration section */
		BA75B12B1BC669A400A1F5D6 /* Debug */ = {
			isa = XCBuildConfiguration;
			buildSettings = {
				ALWAYS_SEARCH_USER_PATHS = NO;
				CLANG_CXX_LANGUAGE_STANDARD = "gnu++0x";
				CLANG_CXX_LIBRARY = "libc++";
				CLANG_ENABLE_MODULES = YES;
				CLANG_ENABLE_OBJC_ARC = YES;
				CLANG_WARN_BOOL_CONVERSION = YES;
				CLANG_WARN_CONSTANT_CONVERSION = YES;
				CLANG_WARN_DIRECT_OBJC_ISA_USAGE = YES_ERROR;
				CLANG_WARN_EMPTY_BODY = YES;
				CLANG_WARN_ENUM_CONVERSION = YES;
				CLANG_WARN_INT_CONVERSION = YES;
				CLANG_WARN_OBJC_ROOT_CLASS = YES_ERROR;
				CLANG_WARN_UNREACHABLE_CODE = YES;
				CLANG_WARN__DUPLICATE_METHOD_MATCH = YES;
				"CODE_SIGN_IDENTITY[sdk=iphoneos*]" = "iPhone Developer";
				COPY_PHASE_STRIP = NO;
				DEBUG_INFORMATION_FORMAT = dwarf;
				ENABLE_STRICT_OBJC_MSGSEND = YES;
				ENABLE_TESTABILITY = YES;
				GCC_C_LANGUAGE_STANDARD = gnu99;
				GCC_DYNAMIC_NO_PIC = NO;
				GCC_NO_COMMON_BLOCKS = YES;
				GCC_OPTIMIZATION_LEVEL = 0;
				GCC_PREPROCESSOR_DEFINITIONS = (
					"DEBUG=1",
					"$(inherited)",
				);
				GCC_WARN_64_TO_32_BIT_CONVERSION = YES;
				GCC_WARN_ABOUT_RETURN_TYPE = YES_ERROR;
				GCC_WARN_UNDECLARED_SELECTOR = YES;
				GCC_WARN_UNINITIALIZED_AUTOS = YES_AGGRESSIVE;
				GCC_WARN_UNUSED_FUNCTION = YES;
				GCC_WARN_UNUSED_VARIABLE = YES;
				IPHONEOS_DEPLOYMENT_TARGET = 9.0;
				MTL_ENABLE_DEBUG_INFO = YES;
				ONLY_ACTIVE_ARCH = YES;
				SDKROOT = iphoneos;
				SWIFT_OPTIMIZATION_LEVEL = "-Onone";
			};
			name = Debug;
		};
		BA75B12C1BC669A400A1F5D6 /* Release */ = {
			isa = XCBuildConfiguration;
			buildSettings = {
				ALWAYS_SEARCH_USER_PATHS = NO;
				CLANG_CXX_LANGUAGE_STANDARD = "gnu++0x";
				CLANG_CXX_LIBRARY = "libc++";
				CLANG_ENABLE_MODULES = YES;
				CLANG_ENABLE_OBJC_ARC = YES;
				CLANG_WARN_BOOL_CONVERSION = YES;
				CLANG_WARN_CONSTANT_CONVERSION = YES;
				CLANG_WARN_DIRECT_OBJC_ISA_USAGE = YES_ERROR;
				CLANG_WARN_EMPTY_BODY = YES;
				CLANG_WARN_ENUM_CONVERSION = YES;
				CLANG_WARN_INT_CONVERSION = YES;
				CLANG_WARN_OBJC_ROOT_CLASS = YES_ERROR;
				CLANG_WARN_UNREACHABLE_CODE = YES;
				CLANG_WARN__DUPLICATE_METHOD_MATCH = YES;
				"CODE_SIGN_IDENTITY[sdk=iphoneos*]" = "iPhone Developer";
				COPY_PHASE_STRIP = NO;
				DEBUG_INFORMATION_FORMAT = "dwarf-with-dsym";
				ENABLE_NS_ASSERTIONS = NO;
				ENABLE_STRICT_OBJC_MSGSEND = YES;
				GCC_C_LANGUAGE_STANDARD = gnu99;
				GCC_NO_COMMON_BLOCKS = YES;
				GCC_WARN_64_TO_32_BIT_CONVERSION = YES;
				GCC_WARN_ABOUT_RETURN_TYPE = YES_ERROR;
				GCC_WARN_UNDECLARED_SELECTOR = YES;
				GCC_WARN_UNINITIALIZED_AUTOS = YES_AGGRESSIVE;
				GCC_WARN_UNUSED_FUNCTION = YES;
				GCC_WARN_UNUSED_VARIABLE = YES;
				IPHONEOS_DEPLOYMENT_TARGET = 9.0;
				MTL_ENABLE_DEBUG_INFO = NO;
				SDKROOT = iphoneos;
				VALIDATE_PRODUCT = YES;
			};
			name = Release;
		};
		BA75B12E1BC669A400A1F5D6 /* Debug */ = {
			isa = XCBuildConfiguration;
			buildSettings = {
				ASSETCATALOG_COMPILER_APPICON_NAME = AppIcon;
				CLANG_ENABLE_MODULES = YES;
				INFOPLIST_FILE = Cupopon/Info.plist;
				IPHONEOS_DEPLOYMENT_TARGET = 9.0;
				LD_RUNPATH_SEARCH_PATHS = "$(inherited) @executable_path/Frameworks";
				PRODUCT_BUNDLE_IDENTIFIER = com.iweb2015.Cupopon;
				PRODUCT_NAME = "$(TARGET_NAME)";
				SWIFT_OBJC_BRIDGING_HEADER = "Cupopon/Cupopon-Bridging-Header.h";
				SWIFT_OPTIMIZATION_LEVEL = "-Onone";
			};
			name = Debug;
		};
		BA75B12F1BC669A400A1F5D6 /* Release */ = {
			isa = XCBuildConfiguration;
			buildSettings = {
				ASSETCATALOG_COMPILER_APPICON_NAME = AppIcon;
				CLANG_ENABLE_MODULES = YES;
				INFOPLIST_FILE = Cupopon/Info.plist;
				IPHONEOS_DEPLOYMENT_TARGET = 9.0;
				LD_RUNPATH_SEARCH_PATHS = "$(inherited) @executable_path/Frameworks";
				PRODUCT_BUNDLE_IDENTIFIER = com.iweb2015.Cupopon;
				PRODUCT_NAME = "$(TARGET_NAME)";
				SWIFT_OBJC_BRIDGING_HEADER = "Cupopon/Cupopon-Bridging-Header.h";
			};
			name = Release;
		};
		BA75B1311BC669A400A1F5D6 /* Debug */ = {
			isa = XCBuildConfiguration;
			buildSettings = {
				BUNDLE_LOADER = "$(TEST_HOST)";
				INFOPLIST_FILE = CupoponTests/Info.plist;
				LD_RUNPATH_SEARCH_PATHS = "$(inherited) @executable_path/Frameworks @loader_path/Frameworks";
				PRODUCT_BUNDLE_IDENTIFIER = com.iweb2015.CupoponTests;
				PRODUCT_NAME = "$(TARGET_NAME)";
				TEST_HOST = "$(BUILT_PRODUCTS_DIR)/Cupopon.app/Cupopon";
			};
			name = Debug;
		};
		BA75B1321BC669A400A1F5D6 /* Release */ = {
			isa = XCBuildConfiguration;
			buildSettings = {
				BUNDLE_LOADER = "$(TEST_HOST)";
				INFOPLIST_FILE = CupoponTests/Info.plist;
				LD_RUNPATH_SEARCH_PATHS = "$(inherited) @executable_path/Frameworks @loader_path/Frameworks";
				PRODUCT_BUNDLE_IDENTIFIER = com.iweb2015.CupoponTests;
				PRODUCT_NAME = "$(TARGET_NAME)";
				TEST_HOST = "$(BUILT_PRODUCTS_DIR)/Cupopon.app/Cupopon";
			};
			name = Release;
		};
		BA75B1341BC669A400A1F5D6 /* Debug */ = {
			isa = XCBuildConfiguration;
			buildSettings = {
				INFOPLIST_FILE = CupoponUITests/Info.plist;
				LD_RUNPATH_SEARCH_PATHS = "$(inherited) @executable_path/Frameworks @loader_path/Frameworks";
				PRODUCT_BUNDLE_IDENTIFIER = com.iweb2015.CupoponUITests;
				PRODUCT_NAME = "$(TARGET_NAME)";
				TEST_TARGET_NAME = Cupopon;
				USES_XCTRUNNER = YES;
			};
			name = Debug;
		};
		BA75B1351BC669A400A1F5D6 /* Release */ = {
			isa = XCBuildConfiguration;
			buildSettings = {
				INFOPLIST_FILE = CupoponUITests/Info.plist;
				LD_RUNPATH_SEARCH_PATHS = "$(inherited) @executable_path/Frameworks @loader_path/Frameworks";
				PRODUCT_BUNDLE_IDENTIFIER = com.iweb2015.CupoponUITests;
				PRODUCT_NAME = "$(TARGET_NAME)";
				TEST_TARGET_NAME = Cupopon;
				USES_XCTRUNNER = YES;
			};
			name = Release;
		};
/* End XCBuildConfiguration section */

/* Begin XCConfigurationList section */
		BA75B1001BC669A400A1F5D6 /* Build configuration list for PBXProject "Cupopon" */ = {
			isa = XCConfigurationList;
			buildConfigurations = (
				BA75B12B1BC669A400A1F5D6 /* Debug */,
				BA75B12C1BC669A400A1F5D6 /* Release */,
			);
			defaultConfigurationIsVisible = 0;
			defaultConfigurationName = Release;
		};
		BA75B12D1BC669A400A1F5D6 /* Build configuration list for PBXNativeTarget "Cupopon" */ = {
			isa = XCConfigurationList;
			buildConfigurations = (
				BA75B12E1BC669A400A1F5D6 /* Debug */,
				BA75B12F1BC669A400A1F5D6 /* Release */,
			);
			defaultConfigurationIsVisible = 0;
			defaultConfigurationName = Release;
		};
		BA75B1301BC669A400A1F5D6 /* Build configuration list for PBXNativeTarget "CupoponTests" */ = {
			isa = XCConfigurationList;
			buildConfigurations = (
				BA75B1311BC669A400A1F5D6 /* Debug */,
				BA75B1321BC669A400A1F5D6 /* Release */,
			);
			defaultConfigurationIsVisible = 0;
			defaultConfigurationName = Release;
		};
		BA75B1331BC669A400A1F5D6 /* Build configuration list for PBXNativeTarget "CupoponUITests" */ = {
			isa = XCConfigurationList;
			buildConfigurations = (
				BA75B1341BC669A400A1F5D6 /* Debug */,
				BA75B1351BC669A400A1F5D6 /* Release */,
			);
			defaultConfigurationIsVisible = 0;
			defaultConfigurationName = Release;
		};
/* End XCConfigurationList section */
	};
	rootObject = BA75B0FD1BC669A400A1F5D6 /* Project object */;
}
